schema: '2.0'
stages:
  data_ingestion:
    cmd: python src/data/data_ingestion.py
    deps:
    - path: src/connections/s3_connection.py
      hash: md5
      md5: 3be47304ba40d9db6eaa37e53c78fdd3
      size: 1854
    - path: src/data/data_ingestion.py
      hash: md5
      md5: da1baa0296b4af88870aa2230d32467a
      size: 3308
    params:
      params.yaml:
        data_ingestion.test_size: 0.25
    outs:
    - path: data/raw
      hash: md5
      md5: 6f0d74b5ff3c8f68804e650044a9660a.dir
      size: 1320253
      nfiles: 2
  data_preprocessing:
    cmd: python src/data/data_preprocessing.py
    deps:
    - path: data/raw
      hash: md5
      md5: 6f0d74b5ff3c8f68804e650044a9660a.dir
      size: 1320253
      nfiles: 2
    - path: src/data/data_preprocessing.py
      hash: md5
      md5: d338aba093b34b94013e47fbe29625a5
      size: 2791
    outs:
    - path: data/interim
      hash: md5
      md5: e826c2cd8dc6d76992a2a08a07ce6f0b.dir
      size: 815458
      nfiles: 2
  feature_engineering:
    cmd: python src/features/feature_engineering.py
    deps:
    - path: data/interim
      hash: md5
      md5: e826c2cd8dc6d76992a2a08a07ce6f0b.dir
      size: 815458
      nfiles: 2
    - path: src/features/feature_engineering.py
      hash: md5
      md5: 63a8796df665b54988a1dbbccba08b0b
      size: 3363
    params:
      params.yaml:
        feature_engineering.max_features: 50
    outs:
    - path: data/processed
      hash: md5
      md5: f2adf8039cac4390b1eed6ab36797106.dir
      size: 102498
      nfiles: 2
    - path: models/vectorizer.pkl
      hash: md5
      md5: 25538cf6b0b8d5e4e02ed7456857a70a
      size: 1859
  model_building:
    cmd: python src/model/model_building.py
    deps:
    - path: data/processed
      hash: md5
      md5: f2adf8039cac4390b1eed6ab36797106.dir
      size: 102498
      nfiles: 2
    - path: src/model/model_building.py
      hash: md5
      md5: b11171cbbb360deb751a9fcea9545cce
      size: 1841
    outs:
    - path: models/model.pkl
      hash: md5
      md5: 6127d66175fae213f5abb4d6dd4bb519
      size: 1096
  model_evaluation:
    cmd: python src/model/model_evaluation.py
    deps:
    - path: models/model.pkl
      hash: md5
      md5: 6127d66175fae213f5abb4d6dd4bb519
      size: 1096
    - path: src/model/model_evaluation.py
      hash: md5
      md5: fe4a70b34e2b55093aa75abe90648212
      size: 4894
    outs:
    - path: reports/experiment_info.json
      hash: md5
      md5: de990ad310cf82ac9cedb670147c55f0
      size: 176
    - path: reports/metrics.json
      hash: md5
      md5: 6be61cee0c413b346a063878649b7247
      size: 157
  model_registration:
    cmd: python src/model/register_model.py
    deps:
    - path: reports/experiment_info.json
      hash: md5
      md5: de990ad310cf82ac9cedb670147c55f0
      size: 176
    - path: src/model/register_model.py
      hash: md5
      md5: c3db72ecd69bfd5aafd4c28e44cefd74
      size: 2214
